{
    "_readme": [
        "This file locks the dependencies of your project to a known state",
        "Read more about it at https://getcomposer.org/doc/01-basic-usage.md#composer-lock-the-lock-file",
        "This file is @generated automatically"
    ],
    "content-hash": "369c27bc7e8aaf98cf9a1523fe7a3538",
    "packages": [
        {
            "name": "doctrine/inflector",
            "version": "dev-master",
            "source": {
                "type": "git",
                "url": "https://github.com/doctrine/inflector.git",
                "reference": "87e0271f5a45ae369ff6f5b9297d564edf05755c"
            },
            "dist": {
                "type": "zip",
                "url": "https://api.github.com/repos/doctrine/inflector/zipball/87e0271f5a45ae369ff6f5b9297d564edf05755c",
                "reference": "87e0271f5a45ae369ff6f5b9297d564edf05755c",
                "shasum": ""
            },
            "require": {
                "php": "^7.1"
            },
            "require-dev": {
                "doctrine/coding-standard": "^3.0",
                "phpunit/phpunit": "^6.2"
            },
            "type": "library",
            "extra": {
                "branch-alias": {
                    "dev-master": "1.3.x-dev"
                }
            },
            "autoload": {
                "psr-4": {
                    "Doctrine\\Common\\Inflector\\": "lib/Doctrine/Common/Inflector"
                }
            },
            "notification-url": "https://packagist.org/downloads/",
            "license": [
                "MIT"
            ],
            "authors": [
                {
                    "name": "Roman Borschel",
                    "email": "roman@code-factory.org"
                },
                {
                    "name": "Benjamin Eberlei",
                    "email": "kontakt@beberlei.de"
                },
                {
                    "name": "Guilherme Blanco",
                    "email": "guilhermeblanco@gmail.com"
                },
                {
                    "name": "Jonathan Wage",
                    "email": "jonwage@gmail.com"
                },
                {
                    "name": "Johannes Schmitt",
                    "email": "schmittjoh@gmail.com"
                }
            ],
            "description": "Common String Manipulations with regard to casing and singular/plural rules.",
            "homepage": "http://www.doctrine-project.org",
            "keywords": [
                "inflection",
                "pluralize",
                "singularize",
                "string"
            ],
            "time": "2018-02-08T06:24:48+00:00"
        },
        {
            "name": "illuminate/contracts",
            "version": "5.6.x-dev",
            "source": {
                "type": "git",
                "url": "https://github.com/illuminate/contracts.git",
                "reference": "00a8296c63b6429eb8705d2700c2436ea193c553"
            },
            "dist": {
                "type": "zip",
                "url": "https://api.github.com/repos/illuminate/contracts/zipball/00a8296c63b6429eb8705d2700c2436ea193c553",
                "reference": "00a8296c63b6429eb8705d2700c2436ea193c553",
                "shasum": ""
            },
            "require": {
                "php": "^7.1.3",
                "psr/container": "~1.0",
                "psr/simple-cache": "~1.0"
            },
            "type": "library",
            "extra": {
                "branch-alias": {
                    "dev-master": "5.6-dev"
                }
            },
            "autoload": {
                "psr-4": {
                    "Illuminate\\Contracts\\": ""
                }
            },
            "notification-url": "https://packagist.org/downloads/",
            "license": [
                "MIT"
            ],
            "authors": [
                {
                    "name": "Taylor Otwell",
                    "email": "taylor@laravel.com"
                }
            ],
            "description": "The Illuminate Contracts package.",
            "homepage": "https://laravel.com",
            "time": "2018-02-20T16:46:51+00:00"
        },
        {
            "name": "illuminate/support",
            "version": "5.6.x-dev",
            "source": {
                "type": "git",
                "url": "https://github.com/illuminate/support.git",
                "reference": "777665c3de5bf4260bd36acfeeeb67887a09a78b"
            },
            "dist": {
                "type": "zip",
                "url": "https://api.github.com/repos/illuminate/support/zipball/777665c3de5bf4260bd36acfeeeb67887a09a78b",
                "reference": "777665c3de5bf4260bd36acfeeeb67887a09a78b",
                "shasum": ""
            },
            "require": {
                "doctrine/inflector": "~1.1",
                "ext-mbstring": "*",
                "illuminate/contracts": "5.6.*",
                "nesbot/carbon": "^1.20",
                "php": "^7.1.3"
            },
            "replace": {
                "tightenco/collect": "<5.5.33"
            },
            "suggest": {
                "illuminate/filesystem": "Required to use the composer class (5.2.*).",
                "symfony/process": "Required to use the composer class (~4.0).",
                "symfony/var-dumper": "Required to use the dd function (~4.0)."
            },
            "type": "library",
            "extra": {
                "branch-alias": {
                    "dev-master": "5.6-dev"
                }
            },
            "autoload": {
                "psr-4": {
                    "Illuminate\\Support\\": ""
                },
                "files": [
                    "helpers.php"
                ]
            },
            "notification-url": "https://packagist.org/downloads/",
            "license": [
                "MIT"
            ],
            "authors": [
                {
                    "name": "Taylor Otwell",
                    "email": "taylor@laravel.com"
                }
            ],
            "description": "The Illuminate Support package.",
            "homepage": "https://laravel.com",
            "time": "2018-02-20T21:40:53+00:00"
        },
        {
            "name": "league/fractal",
            "version": "0.17.0",
            "source": {
                "type": "git",
                "url": "https://github.com/thephpleague/fractal.git",
                "reference": "a0b350824f22fc2fdde2500ce9d6851a3f275b0e"
            },
            "dist": {
                "type": "zip",
                "url": "https://api.github.com/repos/thephpleague/fractal/zipball/a0b350824f22fc2fdde2500ce9d6851a3f275b0e",
                "reference": "a0b350824f22fc2fdde2500ce9d6851a3f275b0e",
                "shasum": ""
            },
            "require": {
                "php": ">=5.4"
            },
            "require-dev": {
                "doctrine/orm": "^2.5",
                "illuminate/contracts": "~5.0",
                "mockery/mockery": "~0.9",
                "pagerfanta/pagerfanta": "~1.0.0",
                "phpunit/phpunit": "~4.0",
                "squizlabs/php_codesniffer": "~1.5",
                "zendframework/zend-paginator": "~2.3"
            },
            "suggest": {
                "illuminate/pagination": "The Illuminate Pagination component.",
                "pagerfanta/pagerfanta": "Pagerfanta Paginator",
                "zendframework/zend-paginator": "Zend Framework Paginator"
            },
            "type": "library",
            "extra": {
                "branch-alias": {
                    "dev-master": "0.13-dev"
                }
            },
            "autoload": {
                "psr-4": {
                    "League\\Fractal\\": "src"
                }
            },
            "notification-url": "https://packagist.org/downloads/",
            "license": [
                "MIT"
            ],
            "authors": [
                {
                    "name": "Phil Sturgeon",
                    "email": "me@philsturgeon.uk",
                    "homepage": "http://philsturgeon.uk/",
                    "role": "Developer"
                }
            ],
            "description": "Handle the output of complex data structures ready for API output.",
            "homepage": "http://fractal.thephpleague.com/",
            "keywords": [
                "api",
                "json",
                "league",
                "rest"
            ],
            "time": "2017-06-12T11:04:56+00:00"
        },
        {
            "name": "nesbot/carbon",
            "version": "dev-master",
            "source": {
                "type": "git",
                "url": "https://github.com/briannesbitt/Carbon.git",
                "reference": "a3378963fb4236a152e3e8c9c35f121f6d648727"
            },
            "dist": {
                "type": "zip",
                "url": "https://api.github.com/repos/briannesbitt/Carbon/zipball/a3378963fb4236a152e3e8c9c35f121f6d648727",
                "reference": "a3378963fb4236a152e3e8c9c35f121f6d648727",
                "shasum": ""
            },
            "require": {
                "php": ">=5.3.0",
                "symfony/translation": "~2.6 || ~3.0 || ~4.0"
            },
            "require-dev": {
                "friendsofphp/php-cs-fixer": "~2",
                "phpunit/phpunit": "~4.0 || ~5.0"
            },
            "type": "library",
            "extra": {
                "branch-alias": {
                    "dev-master": "1.23-dev"
                }
            },
            "autoload": {
                "psr-4": {
                    "Carbon\\": "src/Carbon/"
                }
            },
            "notification-url": "https://packagist.org/downloads/",
            "license": [
                "MIT"
            ],
            "authors": [
                {
                    "name": "Brian Nesbitt",
                    "email": "brian@nesbot.com",
                    "homepage": "http://nesbot.com"
                }
            ],
            "description": "A simple API extension for DateTime.",
            "homepage": "http://carbon.nesbot.com",
            "keywords": [
                "date",
                "datetime",
                "time"
            ],
            "time": "2018-02-22T08:03:58+00:00"
        },
        {
            "name": "psr/container",
            "version": "dev-master",
            "source": {
                "type": "git",
                "url": "https://github.com/php-fig/container.git",
                "reference": "2cc4a01788191489dc7459446ba832fa79a216a7"
            },
            "dist": {
                "type": "zip",
                "url": "https://api.github.com/repos/php-fig/container/zipball/2cc4a01788191489dc7459446ba832fa79a216a7",
                "reference": "2cc4a01788191489dc7459446ba832fa79a216a7",
                "shasum": ""
            },
            "require": {
                "php": ">=5.3.0"
            },
            "type": "library",
            "extra": {
                "branch-alias": {
                    "dev-master": "1.0.x-dev"
                }
            },
            "autoload": {
                "psr-4": {
                    "Psr\\Container\\": "src/"
                }
            },
            "notification-url": "https://packagist.org/downloads/",
            "license": [
                "MIT"
            ],
            "authors": [
                {
                    "name": "PHP-FIG",
                    "homepage": "http://www.php-fig.org/"
                }
            ],
            "description": "Common Container Interface (PHP FIG PSR-11)",
            "homepage": "https://github.com/php-fig/container",
            "keywords": [
                "PSR-11",
                "container",
                "container-interface",
                "container-interop",
                "psr"
            ],
            "time": "2017-06-28T15:35:32+00:00"
        },
        {
            "name": "psr/simple-cache",
            "version": "dev-master",
            "source": {
                "type": "git",
                "url": "https://github.com/php-fig/simple-cache.git",
                "reference": "408d5eafb83c57f6365a3ca330ff23aa4a5fa39b"
            },
            "dist": {
                "type": "zip",
                "url": "https://api.github.com/repos/php-fig/simple-cache/zipball/408d5eafb83c57f6365a3ca330ff23aa4a5fa39b",
                "reference": "408d5eafb83c57f6365a3ca330ff23aa4a5fa39b",
                "shasum": ""
            },
            "require": {
                "php": ">=5.3.0"
            },
            "type": "library",
            "extra": {
                "branch-alias": {
                    "dev-master": "1.0.x-dev"
                }
            },
            "autoload": {
                "psr-4": {
                    "Psr\\SimpleCache\\": "src/"
                }
            },
            "notification-url": "https://packagist.org/downloads/",
            "license": [
                "MIT"
            ],
            "authors": [
                {
                    "name": "PHP-FIG",
                    "homepage": "http://www.php-fig.org/"
                }
            ],
            "description": "Common interfaces for simple caching",
            "keywords": [
                "cache",
                "caching",
                "psr",
                "psr-16",
                "simple-cache"
            ],
            "time": "2017-10-23T01:57:42+00:00"
        },
        {
            "name": "spatie/fractalistic",
            "version": "2.7.1",
            "source": {
                "type": "git",
                "url": "https://github.com/spatie/fractalistic.git",
                "reference": "83e208ce1e6061aa75d22c4efdab05ccfb99a849"
            },
            "dist": {
                "type": "zip",
                "url": "https://api.github.com/repos/spatie/fractalistic/zipball/83e208ce1e6061aa75d22c4efdab05ccfb99a849",
                "reference": "83e208ce1e6061aa75d22c4efdab05ccfb99a849",
                "shasum": ""
            },
            "require": {
                "league/fractal": "^0.17.0",
                "php": "^7.0"
            },
            "require-dev": {
                "illuminate/pagination": "~5.3.0|~5.4.0",
                "phpunit/phpunit": "^5.7.21"
            },
            "type": "library",
            "autoload": {
                "psr-4": {
                    "Spatie\\Fractalistic\\": "src"
                }
            },
            "notification-url": "https://packagist.org/downloads/",
            "license": [
                "MIT"
            ],
            "authors": [
                {
                    "name": "Freek Van der Herten",
                    "email": "freek@spatie.be",
                    "homepage": "https://spatie.be",
                    "role": "Developer"
                }
            ],
            "description": "A developer friendly wrapper around Fractal",
            "homepage": "https://github.com/spatie/fractalistic",
            "keywords": [
                "api",
                "fractal",
                "fractalistic",
                "spatie",
                "transform"
            ],
            "time": "2018-01-15T09:17:52+00:00"
        },
        {
            "name": "spatie/laravel-fractal",
            "version": "5.3.1",
            "source": {
                "type": "git",
                "url": "https://github.com/spatie/laravel-fractal.git",
                "reference": "e39e0865b66ca541337b45fed4ad6c22200b85d0"
            },
            "dist": {
                "type": "zip",
                "url": "https://api.github.com/repos/spatie/laravel-fractal/zipball/e39e0865b66ca541337b45fed4ad6c22200b85d0",
                "reference": "e39e0865b66ca541337b45fed4ad6c22200b85d0",
                "shasum": ""
            },
            "require": {
                "illuminate/contracts": "~5.5.0|~5.6.0",
                "illuminate/support": "~5.5.0|~5.6.0",
                "php": "^7.0",
                "spatie/fractalistic": "^2.5"
            },
            "require-dev": {
                "orchestra/testbench": "~3.5.0|~3.6.0",
                "phpunit/phpunit": "^6.2|^7.0"
            },
            "type": "library",
            "extra": {
                "laravel": {
                    "providers": [
                        "Spatie\\Fractal\\FractalServiceProvider"
                    ],
                    "aliases": {
                        "Fractal": "Spatie\\Fractal\\FractalFacade"
                    }
                }
            },
            "autoload": {
                "psr-4": {
                    "Spatie\\Fractal\\": "src"
                },
                "files": [
                    "src/helpers.php"
                ]
            },
            "notification-url": "https://packagist.org/downloads/",
            "license": [
                "MIT"
            ],
            "authors": [
                {
                    "name": "Freek Van der Herten",
                    "email": "freek@spatie.be",
                    "homepage": "https://spatie.be",
                    "role": "Developer"
                }
            ],
            "description": "An easy to use Fractal integration for Laravel applications",
            "homepage": "https://github.com/spatie/laravel-fractal",
            "keywords": [
                "api",
                "fractal",
                "laravel",
                "laravel-fractal",
                "lumen",
                "spatie",
                "transform"
            ],
            "time": "2018-02-07T23:06:44+00:00"
        },
        {
            "name": "symfony/polyfill-mbstring",
            "version": "dev-master",
            "source": {
                "type": "git",
                "url": "https://github.com/symfony/polyfill-mbstring.git",
                "reference": "78be803ce01e55d3491c1397cf1c64beb9c1b63b"
            },
            "dist": {
                "type": "zip",
                "url": "https://api.github.com/repos/symfony/polyfill-mbstring/zipball/78be803ce01e55d3491c1397cf1c64beb9c1b63b",
                "reference": "78be803ce01e55d3491c1397cf1c64beb9c1b63b",
                "shasum": ""
            },
            "require": {
                "php": ">=5.3.3"
            },
            "suggest": {
                "ext-mbstring": "For best performance"
            },
            "type": "library",
            "extra": {
                "branch-alias": {
                    "dev-master": "1.7-dev"
                }
            },
            "autoload": {
                "psr-4": {
                    "Symfony\\Polyfill\\Mbstring\\": ""
                },
                "files": [
                    "bootstrap.php"
                ]
            },
            "notification-url": "https://packagist.org/downloads/",
            "license": [
                "MIT"
            ],
            "authors": [
                {
                    "name": "Nicolas Grekas",
                    "email": "p@tchwork.com"
                },
                {
                    "name": "Symfony Community",
                    "homepage": "https://symfony.com/contributors"
                }
            ],
            "description": "Symfony polyfill for the Mbstring extension",
            "homepage": "https://symfony.com",
            "keywords": [
                "compatibility",
                "mbstring",
                "polyfill",
                "portable",
                "shim"
            ],
            "time": "2018-01-30T19:27:44+00:00"
        },
        {
            "name": "symfony/translation",
            "version": "dev-master",
            "source": {
                "type": "git",
                "url": "https://github.com/symfony/translation.git",
                "reference": "db7a511c2bd8110a57c3b00364d724668cfa3c83"
            },
            "dist": {
                "type": "zip",
                "url": "https://api.github.com/repos/symfony/translation/zipball/db7a511c2bd8110a57c3b00364d724668cfa3c83",
                "reference": "db7a511c2bd8110a57c3b00364d724668cfa3c83",
                "shasum": ""
            },
            "require": {
                "php": "^7.1.3",
                "symfony/polyfill-mbstring": "~1.0"
            },
            "conflict": {
                "symfony/config": "<3.4",
                "symfony/dependency-injection": "<3.4",
                "symfony/yaml": "<3.4"
            },
            "require-dev": {
                "psr/log": "~1.0",
                "symfony/config": "~3.4|~4.0",
                "symfony/dependency-injection": "~3.4|~4.0",
                "symfony/finder": "~2.8|~3.0|~4.0",
                "symfony/intl": "~3.4|~4.0",
                "symfony/yaml": "~3.4|~4.0"
            },
            "suggest": {
                "psr/log": "To use logging capability in translator",
                "symfony/config": "",
                "symfony/yaml": ""
            },
            "type": "library",
            "extra": {
                "branch-alias": {
                    "dev-master": "4.1-dev"
                }
            },
            "autoload": {
                "psr-4": {
                    "Symfony\\Component\\Translation\\": ""
                },
                "exclude-from-classmap": [
                    "/Tests/"
                ]
            },
            "notification-url": "https://packagist.org/downloads/",
            "license": [
                "MIT"
            ],
            "authors": [
                {
                    "name": "Fabien Potencier",
                    "email": "fabien@symfony.com"
                },
                {
                    "name": "Symfony Community",
                    "homepage": "https://symfony.com/contributors"
                }
            ],
            "description": "Symfony Translation Component",
            "homepage": "https://symfony.com",
            "time": "2018-02-19T12:10:10+00:00"
        }
    ],
    "packages-dev": [],
    "aliases": [],
    "minimum-stability": "dev",
    "stability-flags": [],
    "prefer-stable": false,
    "prefer-lowest": false,
    "platform": [],
    "platform-dev": []
}
